{
  "name": "@fastimo/render",
  "version": "1.0.0",
  "lockfileVersion": 1,
  "requires": true,
  "dependencies": {
    "ejs": {
      "version": "2.6.1",
      "resolved": "https://registry.npmjs.org/ejs/-/ejs-2.6.1.tgz",
      "integrity": "sha512-0xy4A/twfrRCnkhfk8ErDi5DqdAsAqeGxht4xkCUrsvhhbQNs7E+4jV0CN7+NKIY0aHE72+XvqtBIXzD31ZbXQ=="
    },
    "fastify-plugin": {
      "version": "1.2.1",
      "resolved": "https://registry.npmjs.org/fastify-plugin/-/fastify-plugin-1.2.1.tgz",
      "integrity": "sha512-TLmXpp3PEsD3MFSV3FBiH70hkalvgZ8Qmg3hr1FcJpZFaPwxoWUDoFdXZrguY+2gBVQgkFtrM47aWL5lNHqg+Q==",
      "requires": {
        "semver": "^5.5.0"
      }
    },
    "semver": {
      "version": "5.5.1",
      "resolved": "https://registry.npmjs.org/semver/-/semver-5.5.1.tgz",
      "integrity": "sha512-PqpAxfrEhlSUWge8dwIp4tZnQ25DIOthpiaHNIthsjEFQD6EvqUKUDM7L8O2rShkFccYo1VjJR0coWfNkCubRw=="
    }
  }
}
